// !$*UTF8*$!
{
	archiveVersion = 1;
	classes = {
	};
	objectVersion = 48;
	objects = {

/* Begin PBXBuildFile section */
		522A8D032066469800A3A3AB /* AppDelegate.swift in Sources */ = {isa = PBXBuildFile; fileRef = 522A8D022066469800A3A3AB /* AppDelegate.swift */; };
		522A8D052066469800A3A3AB /* ViewController.swift in Sources */ = {isa = PBXBuildFile; fileRef = 522A8D042066469800A3A3AB /* ViewController.swift */; };
		522A8D082066469800A3A3AB /* Main.storyboard in Resources */ = {isa = PBXBuildFile; fileRef = 522A8D062066469800A3A3AB /* Main.storyboard */; };
		522A8D0B2066469800A3A3AB /* Buro_beauty.xcdatamodeld in Sources */ = {isa = PBXBuildFile; fileRef = 522A8D092066469800A3A3AB /* Buro_beauty.xcdatamodeld */; };
		522A8D0D2066469800A3A3AB /* Assets.xcassets in Resources */ = {isa = PBXBuildFile; fileRef = 522A8D0C2066469800A3A3AB /* Assets.xcassets */; };
		522A8D102066469800A3A3AB /* LaunchScreen.storyboard in Resources */ = {isa = PBXBuildFile; fileRef = 522A8D0E2066469800A3A3AB /* LaunchScreen.storyboard */; };
/* End PBXBuildFile section */

/* Begin PBXFileReference section */
		522A8CFF2066469800A3A3AB /* Buro_beauty.app */ = {isa = PBXFileReference; explicitFileType = wrapper.application; includeInIndex = 0; path = Buro_beauty.app; sourceTree = BUILT_PRODUCTS_DIR; };
		522A8D022066469800A3A3AB /* AppDelegate.swift */ = {isa = PBXFileReference; lastKnownFileType = sourcecode.swift; path = AppDelegate.swift; sourceTree = "<group>"; };
		522A8D042066469800A3A3AB /* ViewController.swift */ = {isa = PBXFileReference; lastKnownFileType = sourcecode.swift; path = ViewController.swift; sourceTree = "<group>"; };
		522A8D072066469800A3A3AB /* Base */ = {isa = PBXFileReference; lastKnownFileType = file.storyboard; name = Base; path = Base.lproj/Main.storyboard; sourceTree = "<group>"; };
		522A8D0A2066469800A3A3AB /* Buro_beauty.xcdatamodel */ = {isa = PBXFileReference; lastKnownFileType = wrapper.xcdatamodel; path = Buro_beauty.xcdatamodel; sourceTree = "<group>"; };
		522A8D0C2066469800A3A3AB /* Assets.xcassets */ = {isa = PBXFileReference; lastKnownFileType = folder.assetcatalog; path = Assets.xcassets; sourceTree = "<group>"; };
		522A8D0F2066469800A3A3AB /* Base */ = {isa = PBXFileReference; lastKnownFileType = file.storyboard; name = Base; path = Base.lproj/LaunchScreen.storyboard; sourceTree = "<group>"; };
		522A8D112066469800A3A3AB /* Info.plist */ = {isa = PBXFileReference; lastKnownFileType = text.plist.xml; path = Info.plist; sourceTree = "<group>"; };
/* End PBXFileReference section */

/* Begin PBXFrameworksBuildPhase section */
		522A8CFC2066469800A3A3AB /* Frameworks */ = {
			isa = PBXFrameworksBuildPhase;
			buildActionMask = 2147483647;
			files = (
			);
			runOnlyForDeploymentPostprocessing = 0;
		};
/* End PBXFrameworksBuildPhase section */

/* Begin PBXGroup section */
		522A8CF62066469800A3A3AB = {
			isa = PBXGroup;
			children = (
				522A8D012066469800A3A3AB /* Buro_beauty */,
				522A8D002066469800A3A3AB /* Products */,
			);
			sourceTree = "<group>";
		};
		522A8D002066469800A3A3AB /* Products */ = {
			isa = PBXGroup;
			children = (
				522A8CFF2066469800A3A3AB /* Buro_beauty.app */,
			);
			name = Products;
			sourceTree = "<group>";
		};
		522A8D012066469800A3A3AB /* Buro_beauty */ = {
			isa = PBXGroup;
			children = (
				522A8D022066469800A3A3AB /* AppDelegate.swift */,
				522A8D042066469800A3A3AB /* ViewController.swift */,
				522A8D062066469800A3A3AB /* Main.storyboard */,
				522A8D0C2066469800A3A3AB /* Assets.xcassets */,
				522A8D0E2066469800A3A3AB /* LaunchScreen.storyboard */,
				522A8D112066469800A3A3AB /* Info.plist */,
				522A8D092066469800A3A3AB /* Buro_beauty.xcdatamodeld */,
			);
			path = Buro_beauty;
			sourceTree = "<group>";
		};
/* End PBXGroup section */

/* Begin PBXNativeTarget section */
		522A8CFE2066469800A3A3AB /* Buro_beauty */ = {
			isa = PBXNativeTarget;
			buildConfigurationList = 522A8D142066469800A3A3AB /* Build configuration list for PBXNativeTarget "Buro_beauty" */;
			buildPhases = (
				522A8CFB2066469800A3A3AB /* Sources */,
				522A8CFC2066469800A3A3AB /* Frameworks */,
				522A8CFD2066469800A3A3AB /* Resources */,
			);
			buildRules = (
			);
			dependencies = (
			);
			name = Buro_beauty;
			productName = Buro_beauty;
			productReference = 522A8CFF2066469800A3A3AB /* Buro_beauty.app */;
			productType = "com.apple.product-type.application";
		};
/* End PBXNativeTarget section */

/* Begin PBXProject section */
		522A8CF72066469800A3A3AB /* Project object */ = {
			isa = PBXProject;
			attributes = {
				LastSwiftUpdateCheck = 0920;
				LastUpgradeCheck = 0920;
				ORGANIZATIONNAME = "Ivan Litvinov";
				TargetAttributes = {
					522A8CFE2066469800A3A3AB = {
						CreatedOnToolsVersion = 9.2;
						ProvisioningStyle = Automatic;
					};
				};
			};
			buildConfigurationList = 522A8CFA2066469800A3A3AB /* Build configuration list for PBXProject "Buro_beauty" */;
			compatibilityVersion = "Xcode 8.0";
			developmentRegion = en;
			hasScannedForEncodings = 0;
			knownRegions = (
				en,
				Base,
			);
			mainGroup = 522A8CF62066469800A3A3AB;
			productRefGroup = 522A8D002066469800A3A3AB /* Products */;
			projectDirPath = "";
			projectRoot = "";
			targets = (
				522A8CFE2066469800A3A3AB /* Buro_beauty */,
			);
		};
/* End PBXProject section */

/* Begin PBXResourcesBuildPhase section */
		522A8CFD2066469800A3A3AB /* Resources */ = {
			isa = PBXResourcesBuildPhase;
			buildActionMask = 2147483647;
			files = (
				522A8D102066469800A3A3AB /* LaunchScreen.storyboard in Resources */,
				522A8D0D2066469800A3A3AB /* Assets.xcassets in Resources */,
				522A8D082066469800A3A3AB /* Main.storyboard in Resources */,
			);
			runOnlyForDeploymentPostprocessing = 0;
		};
/* End PBXResourcesBuildPhase section */

/* Begin PBXSourcesBuildPhase section */
		522A8CFB2066469800A3A3AB /* Sources */ = {
			isa = PBXSourcesBuildPhase;
			buildActionMask = 2147483647;
			files = (
				522A8D0B2066469800A3A3AB /* Buro_beauty.xcdatamodeld in Sources */,
				522A8D052066469800A3A3AB /* ViewController.swift in Sources */,
				522A8D032066469800A3A3AB /* AppDelegate.swift in Sources */,
			);
			runOnlyForDeploymentPostprocessing = 0;
		};
/* End PBXSourcesBuildPhase section */

/* Begin PBXVariantGroup section */
		522A8D062066469800A3A3AB /* Main.storyboard */ = {
			isa = PBXVariantGroup;
			children = (
				522A8D072066469800A3A3AB /* Base */,
			);
			name = Main.storyboard;
			sourceTree = "<group>";
		};
		522A8D0E2066469800A3A3AB /* LaunchScreen.storyboard */ = {
			isa = PBXVariantGroup;
			children = (
				522A8D0F2066469800A3A3AB /* Base */,
			);
			name = LaunchScreen.storyboard;
			sourceTree = "<group>";
		};
/* End PBXVariantGroup section */

/* Begin XCBuildConfiguration section */
		522A8D122066469800A3A3AB /* Debug */ = {
			isa = XCBuildConfiguration;
			buildSettings = {
				ALWAYS_SEARCH_USER_PATHS = NO;
				CLANG_ANALYZER_NONNULL = YES;
				CLANG_ANALYZER_NUMBER_OBJECT_CONVERSION = YES_AGGRESSIVE;
				CLANG_CXX_LANGUAGE_STANDARD = "gnu++14";
				CLANG_CXX_LIBRARY = "libc++";
				CLANG_ENABLE_MODULES = YES;
				CLANG_ENABLE_OBJC_ARC = YES;
				CLANG_WARN_BLOCK_CAPTURE_AUTORELEASING = YES;
				CLANG_WARN_BOOL_CONVERSION = YES;
				CLANG_WARN_COMMA = YES;
				CLANG_WARN_CONSTANT_CONVERSION = YES;
				CLANG_WARN_DIRECT_OBJC_ISA_USAGE = YES_ERROR;
				CLANG_WARN_DOCUMENTATION_COMMENTS = YES;
				CLANG_WARN_EMPTY_BODY = YES;
				CLANG_WARN_ENUM_CONVERSION = YES;
				CLANG_WARN_INFINITE_RECURSION = YES;
				CLANG_WARN_INT_CONVERSION = YES;
				CLANG_WARN_NON_LITERAL_NULL_CONVERSION = YES;
				CLANG_WARN_OBJC_LITERAL_CONVERSION = YES;
				CLANG_WARN_OBJC_ROOT_CLASS = YES_ERROR;
				CLANG_WARN_RANGE_LOOP_ANALYSIS = YES;
				CLANG_WARN_STRICT_PROTOTYPES = YES;
				CLANG_WARN_SUSPICIOUS_MOVE = YES;
				CLANG_WARN_UNGUARDED_AVAILABILITY = YES_AGGRESSIVE;
				CLANG_WARN_UNREACHABLE_CODE = YES;
				CLANG_WARN__DUPLICATE_METHOD_MATCH = YES;
				CODE_SIGN_IDENTITY = "iPhone Developer";
				COPY_PHASE_STRIP = NO;
				DEBUG_INFORMATION_FORMAT = dwarf;
				ENABLE_STRICT_OBJC_MSGSEND = YES;
				ENABLE_TESTABILITY = YES;
				GCC_C_LANGUAGE_STANDARD = gnu11;
				GCC_DYNAMIC_NO_PIC = NO;
				GCC_NO_COMMON_BLOCKS = YES;
				GCC_OPTIMIZATION_LEVEL = 0;
				GCC_PREPROCESSOR_DEFINITIONS = (
					"DEBUG=1",
					"$(inherited)",
				);
				GCC_WARN_64_TO_32_BIT_CONVERSION = YES;
				GCC_WARN_ABOUT_RETURN_TYPE = YES_ERROR;
				GCC_WARN_UNDECLARED_SELECTOR = YES;
				GCC_WARN_UNINITIALIZED_AUTOS = YES_AGGRESSIVE;
				GCC_WARN_UNUSED_FUNCTION = YES;
				GCC_WARN_UNUSED_VARIABLE = YES;
				IPHONEOS_DEPLOYMENT_TARGET = 11.2;
				MTL_ENABLE_DEBUG_INFO = YES;
				ONLY_ACTIVE_ARCH = YES;
				SDKROOT = iphoneos;
				SWIFT_ACTIVE_COMPILATION_CONDITIONS = DEBUG;
				SWIFT_OPTIMIZATION_LEVEL = "-Onone";
			};
			name = Debug;
		};
		522A8D132066469800A3A3AB /* Release */ = {
			isa = XCBuildConfiguration;
			buildSettings = {
				ALWAYS_SEARCH_USER_PATHS = NO;
				CLANG_ANALYZER_NONNULL = YES;
				CLANG_ANALYZER_NUMBER_OBJECT_CONVERSION = YES_AGGRESSIVE;
				CLANG_CXX_LANGUAGE_STANDARD = "gnu++14";
				CLANG_CXX_LIBRARY = "libc++";
				CLANG_ENABLE_MODULES = YES;
				CLANG_ENABLE_OBJC_ARC = YES;
				CLANG_WARN_BLOCK_CAPTURE_AUTORELEASING = YES;
				CLANG_WARN_BOOL_CONVERSION = YES;
				CLANG_WARN_COMMA = YES;
				CLANG_WARN_CONSTANT_CONVERSION = YES;
				CLANG_WARN_DIRECT_OBJC_ISA_USAGE = YES_ERROR;
				CLANG_WARN_DOCUMENTATION_COMMENTS = YES;
				CLANG_WARN_EMPTY_BODY = YES;
				CLANG_WARN_ENUM_CONVERSION = YES;
				CLANG_WARN_INFINITE_RECURSION = YES;
				CLANG_WARN_INT_CONVERSION = YES;
				CLANG_WARN_NON_LITERAL_NULL_CONVERSION = YES;
				CLANG_WARN_OBJC_LITERAL_CONVERSION = YES;
				CLANG_WARN_OBJC_ROOT_CLASS = YES_ERROR;
				CLANG_WARN_RANGE_LOOP_ANALYSIS = YES;
				CLANG_WARN_STRICT_PROTOTYPES = YES;
				CLANG_WARN_SUSPICIOUS_MOVE = YES;
				CLANG_WARN_UNGUARDED_AVAILABILITY = YES_AGGRESSIVE;
				CLANG_WARN_UNREACHABLE_CODE = YES;
				CLANG_WARN__DUPLICATE_METHOD_MATCH = YES;
				CODE_SIGN_IDENTITY = "iPhone Developer";
				COPY_PHASE_STRIP = NO;
				DEBUG_INFORMATION_FORMAT = "dwarf-with-dsym";
				ENABLE_NS_ASSERTIONS = NO;
				ENABLE_STRICT_OBJC_MSGSEND = YES;
				GCC_C_LANGUAGE_STANDARD = gnu11;
				GCC_NO_COMMON_BLOCKS = YES;
				GCC_WARN_64_TO_32_BIT_CONVERSION = YES;
				GCC_WARN_ABOUT_RETURN_TYPE = YES_ERROR;
				GCC_WARN_UNDECLARED_SELECTOR = YES;
				GCC_WARN_UNINITIALIZED_AUTOS = YES_AGGRESSIVE;
				GCC_WARN_UNUSED_FUNCTION = YES;
				GCC_WARN_UNUSED_VARIABLE = YES;
				IPHONEOS_DEPLOYMENT_TARGET = 11.2;
				MTL_ENABLE_DEBUG_INFO = NO;
				SDKROOT = iphoneos;
				SWIFT_OPTIMIZATION_LEVEL = "-Owholemodule";
				VALIDATE_PRODUCT = YES;
			};
			name = Release;
		};
		522A8D152066469800A3A3AB /* Debug */ = {
			isa = XCBuildConfiguration;
			buildSettings = {
				ASSETCATALOG_COMPILER_APPICON_NAME = AppIcon;
				CODE_SIGN_STYLE = Automatic;
				DEVELOPMENT_TEAM = ADBC58C5EM;
				INFOPLIST_FILE = Buro_beauty/Info.plist;
				LD_RUNPATH_SEARCH_PATHS = "$(inherited) @executable_path/Frameworks";
				PRODUCT_BUNDLE_IDENTIFIER = "Notes.Buro-beauty";
				PRODUCT_NAME = "$(TARGET_NAME)";
				SWIFT_VERSION = 4.0;
				TARGETED_DEVICE_FAMILY = 1;
			};
			name = Debug;
		};
		522A8D162066469800A3A3AB /* Release */ = {
			isa = XCBuildConfiguration;
			buildSettings = {
				ASSETCATALOG_COMPILER_APPICON_NAME = AppIcon;
				CODE_SIGN_STYLE = Automatic;
				DEVELOPMENT_TEAM = ADBC58C5EM;
				INFOPLIST_FILE = Buro_beauty/Info.plist;
				LD_RUNPATH_SEARCH_PATHS = "$(inherited) @executable_path/Frameworks";
				PRODUCT_BUNDLE_IDENTIFIER = "Notes.Buro-beauty";
				PRODUCT_NAME = "$(TARGET_NAME)";
				SWIFT_VERSION = 4.0;
				TARGETED_DEVICE_FAMILY = 1;
			};
			name = Release;
		};
/* End XCBuildConfiguration section */

/* Begin XCConfigurationList section */
		522A8CFA2066469800A3A3AB /* Build configuration list for PBXProject "Buro_beauty" */ = {
			isa = XCConfigurationList;
			buildConfigurations = (
				522A8D122066469800A3A3AB /* Debug */,
				522A8D132066469800A3A3AB /* Release */,
			);
			defaultConfigurationIsVisible = 0;
			defaultConfigurationName = Release;
		};
		522A8D142066469800A3A3AB /* Build configuration list for PBXNativeTarget "Buro_beauty" */ = {
			isa = XCConfigurationList;
			buildConfigurations = (
				522A8D152066469800A3A3AB /* Debug */,
				522A8D162066469800A3A3AB /* Release */,
			);
			defaultConfigurationIsVisible = 0;
			defaultConfigurationName = Release;
		};
/* End XCConfigurationList section */

/* Begin XCVersionGroup section */
		522A8D092066469800A3A3AB /* Buro_beauty.xcdatamodeld */ = {
			isa = XCVersionGroup;
			children = (
				522A8D0A2066469800A3A3AB /* Buro_beauty.xcdatamodel */,
			);
			currentVersion = 522A8D0A2066469800A3A3AB /* Buro_beauty.xcdatamodel */;
			path = Buro_beauty.xcdatamodeld;
			sourceTree = "<group>";
			versionGroupType = wrapper.xcdatamodel;
		};
/* End XCVersionGroup section */
	};
	rootObject = 522A8CF72066469800A3A3AB /* Project object */;
}
